
Microsoft Visual Studio Solution File, Format Version 12.00
# Visual Studio Version 16
VisualStudioVersion = 16.0.32901.82
MinimumVisualStudioVersion = 10.0.40219.1
Project("{00D1A9C2-B5F0-4AF3-8072-F6C62B433612}") = "DB_SSDT", "DB_SSDT\DB_SSDT.sqlproj", "{F45864F3-5759-470E-938D-4201E3F2F1CE}"
EndProject
Global
	GlobalSection(SolutionConfigurationPlatforms) = preSolution
		Debug|Any CPU = Debug|Any CPU
		Release|Any CPU = Release|Any CPU
	EndGlobalSection
	GlobalSection(ProjectConfigurationPlatforms) = postSolution
		{F45864F3-5759-470E-938D-4201E3F2F1CE}.Debug|Any CPU.ActiveCfg = Debug|Any CPU
		{F45864F3-5759-470E-938D-4201E3F2F1CE}.Debug|Any CPU.Build.0 = Debug|Any CPU
		{F45864F3-5759-470E-938D-4201E3F2F1CE}.Debug|Any CPU.Deploy.0 = Debug|Any CPU
		{F45864F3-5759-470E-938D-4201E3F2F1CE}.Release|Any CPU.ActiveCfg = Release|Any CPU
		{F45864F3-5759-470E-938D-4201E3F2F1CE}.Release|Any CPU.Build.0 = Release|Any CPU
		{F45864F3-5759-470E-938D-4201E3F2F1CE}.Release|Any CPU.Deploy.0 = Release|Any CPU
	EndGlobalSection
	GlobalSection(SolutionProperties) = preSolution
		HideSolutionNode = FALSE
	EndGlobalSection
	GlobalSection(ExtensibilityGlobals) = postSolution
		SolutionGuid = {BB906388-EA5E-4DA8-9A3A-F6815CB0DE5A}
	EndGlobalSection
EndGlobal
